
Microsoft Visual Studio Solution File, Format Version 12.00
# Visual Studio Version 16
VisualStudioVersion = 16.0.30804.86
MinimumVisualStudioVersion = 10.0.40219.1
Project("{FAE04EC0-301F-11D3-BF4B-00C04F79EFBC}") = "SkiaLyrica", "SkiaLyrica\SkiaLyrica.csproj", "{073547FC-6760-4333-A3BB-5FF820DC5227}"
EndProject
Global
	GlobalSection(SolutionConfigurationPlatforms) = preSolution
		Debug|Any CPU = Debug|Any CPU
		Release|Any CPU = Release|Any CPU
	EndGlobalSection
	GlobalSection(ProjectConfigurationPlatforms) = postSolution
		{073547FC-6760-4333-A3BB-5FF820DC5227}.Debug|Any CPU.ActiveCfg = Debug|Any CPU
		{073547FC-6760-4333-A3BB-5FF820DC5227}.Debug|Any CPU.Build.0 = Debug|Any CPU
		{073547FC-6760-4333-A3BB-5FF820DC5227}.Release|Any CPU.ActiveCfg = Release|Any CPU
		{073547FC-6760-4333-A3BB-5FF820DC5227}.Release|Any CPU.Build.0 = Release|Any CPU
	EndGlobalSection
	GlobalSection(SolutionProperties) = preSolution
		HideSolutionNode = FALSE
	EndGlobalSection
	GlobalSection(ExtensibilityGlobals) = postSolution
		SolutionGuid = {20767795-1E68-4625-A9C6-654E297921BC}
	EndGlobalSection
EndGlobal
